
Microsoft Visual Studio Solution File, Format Version 10.00
# Visual Studio 2008
Project("{F14B399A-7131-4C87-9E4B-1186C45EF12D}") = "CheckIn", "CheckIn\CheckIn.rptproj", "{FB7054DF-4C6B-49F1-8FB4-B6B01FDBF99D}"
EndProject
Global
	GlobalSection(SolutionConfigurationPlatforms) = preSolution
		Debug|Default = Debug|Default
		DebugLocal|Default = DebugLocal|Default
		Release|Default = Release|Default
	EndGlobalSection
	GlobalSection(ProjectConfigurationPlatforms) = postSolution
		{FB7054DF-4C6B-49F1-8FB4-B6B01FDBF99D}.Debug|Default.ActiveCfg = Debug
		{FB7054DF-4C6B-49F1-8FB4-B6B01FDBF99D}.Debug|Default.Build.0 = Debug
		{FB7054DF-4C6B-49F1-8FB4-B6B01FDBF99D}.Debug|Default.Deploy.0 = Debug
		{FB7054DF-4C6B-49F1-8FB4-B6B01FDBF99D}.DebugLocal|Default.ActiveCfg = DebugLocal
		{FB7054DF-4C6B-49F1-8FB4-B6B01FDBF99D}.DebugLocal|Default.Build.0 = DebugLocal
		{FB7054DF-4C6B-49F1-8FB4-B6B01FDBF99D}.Release|Default.ActiveCfg = Release
		{FB7054DF-4C6B-49F1-8FB4-B6B01FDBF99D}.Release|Default.Build.0 = Release
		{FB7054DF-4C6B-49F1-8FB4-B6B01FDBF99D}.Release|Default.Deploy.0 = Release
	EndGlobalSection
	GlobalSection(SolutionProperties) = preSolution
		HideSolutionNode = FALSE
	EndGlobalSection
EndGlobal
