
Microsoft Visual Studio Solution File, Format Version 10.00
# Visual Studio 2008
Project("{F14B399A-7131-4C87-9E4B-1186C45EF12D}") = "Sports", "Sports\Sports.rptproj", "{E5FA0A5F-FE28-47B3-BE34-58968BD97F3B}"
EndProject
Global
	GlobalSection(SolutionConfigurationPlatforms) = preSolution
		Debug|Default = Debug|Default
		DebugLocal|Default = DebugLocal|Default
		Release|Default = Release|Default
	EndGlobalSection
	GlobalSection(ProjectConfigurationPlatforms) = postSolution
		{E5FA0A5F-FE28-47B3-BE34-58968BD97F3B}.Debug|Default.ActiveCfg = Debug
		{E5FA0A5F-FE28-47B3-BE34-58968BD97F3B}.Debug|Default.Build.0 = DebugLocal
		{E5FA0A5F-FE28-47B3-BE34-58968BD97F3B}.Debug|Default.Deploy.0 = DebugLocal
		{E5FA0A5F-FE28-47B3-BE34-58968BD97F3B}.DebugLocal|Default.ActiveCfg = DebugLocal
		{E5FA0A5F-FE28-47B3-BE34-58968BD97F3B}.DebugLocal|Default.Build.0 = DebugLocal
		{E5FA0A5F-FE28-47B3-BE34-58968BD97F3B}.Release|Default.ActiveCfg = Release
		{E5FA0A5F-FE28-47B3-BE34-58968BD97F3B}.Release|Default.Build.0 = Release
		{E5FA0A5F-FE28-47B3-BE34-58968BD97F3B}.Release|Default.Deploy.0 = Release
	EndGlobalSection
	GlobalSection(SolutionProperties) = preSolution
		HideSolutionNode = FALSE
	EndGlobalSection
EndGlobal
