
Microsoft Visual Studio Solution File, Format Version 10.00
# Visual Studio 2008
Project("{F14B399A-7131-4C87-9E4B-1186C45EF12D}") = "Safety Reports", "Safety Reports\Safety Reports.rptproj", "{67A915A3-CD89-4098-963A-C640853A4540}"
EndProject
Global
	GlobalSection(SolutionConfigurationPlatforms) = preSolution
		Debug|Default = Debug|Default
		DebugLocal|Default = DebugLocal|Default
		Release|Default = Release|Default
	EndGlobalSection
	GlobalSection(ProjectConfigurationPlatforms) = postSolution
		{67A915A3-CD89-4098-963A-C640853A4540}.Debug|Default.ActiveCfg = Debug
		{67A915A3-CD89-4098-963A-C640853A4540}.Debug|Default.Build.0 = DebugLocal
		{67A915A3-CD89-4098-963A-C640853A4540}.Debug|Default.Deploy.0 = DebugLocal
		{67A915A3-CD89-4098-963A-C640853A4540}.DebugLocal|Default.ActiveCfg = DebugLocal
		{67A915A3-CD89-4098-963A-C640853A4540}.DebugLocal|Default.Build.0 = DebugLocal
		{67A915A3-CD89-4098-963A-C640853A4540}.Release|Default.ActiveCfg = Release
		{67A915A3-CD89-4098-963A-C640853A4540}.Release|Default.Build.0 = Release
		{67A915A3-CD89-4098-963A-C640853A4540}.Release|Default.Deploy.0 = Release
	EndGlobalSection
	GlobalSection(SolutionProperties) = preSolution
		HideSolutionNode = FALSE
	EndGlobalSection
EndGlobal
